// !$*UTF8*$!
{
	archiveVersion = 1;
	classes = {
	};
	objectVersion = 56;
	objects = {

/* Begin PBXBuildFile section */
		290180EA2B9C1E4E00D62119 /* Images.swift in Sources */ = {isa = PBXBuildFile; fileRef = 290180E92B9C1E4E00D62119 /* Images.swift */; };
		290180EE2B9C2BEB00D62119 /* CircleButtonAnimation.swift in Sources */ = {isa = PBXBuildFile; fileRef = 290180ED2B9C2BEB00D62119 /* CircleButtonAnimation.swift */; };
		290180F12B9CD59600D62119 /* CoinModel.swift in Sources */ = {isa = PBXBuildFile; fileRef = 290180F02B9CD59600D62119 /* CoinModel.swift */; };
		290180F52B9CE14400D62119 /* CoinDto.swift in Sources */ = {isa = PBXBuildFile; fileRef = 290180F42B9CE14400D62119 /* CoinDto.swift */; };
		290180F72B9D1D7400D62119 /* CoinRowView.swift in Sources */ = {isa = PBXBuildFile; fileRef = 290180F62B9D1D7400D62119 /* CoinRowView.swift */; };
		290180F92B9D1E8500D62119 /* PreviewProvider.swift in Sources */ = {isa = PBXBuildFile; fileRef = 290180F82B9D1E8500D62119 /* PreviewProvider.swift */; };
		29053B732BA7C0EA001B1FCA /* NetworkingManager.swift in Sources */ = {isa = PBXBuildFile; fileRef = 29053B722BA7C0EA001B1FCA /* NetworkingManager.swift */; };
		291EB5072BDDD07300A3014C /* PortfolioView.swift in Sources */ = {isa = PBXBuildFile; fileRef = 291EB5062BDDD07300A3014C /* PortfolioView.swift */; };
		291EB50D2BDDD35300A3014C /* marketsResponse.json in Resources */ = {isa = PBXBuildFile; fileRef = 291EB50C2BDDD35300A3014C /* marketsResponse.json */; };
		291EB50F2BDDE12700A3014C /* marketDataResponse.json in Resources */ = {isa = PBXBuildFile; fileRef = 291EB50E2BDDE12700A3014C /* marketDataResponse.json */; };
		291EB5112BDDE9EC00A3014C /* XMarkButton.swift in Sources */ = {isa = PBXBuildFile; fileRef = 291EB5102BDDE9EC00A3014C /* XMarkButton.swift */; };
		291EB5132BDDED5500A3014C /* CoinLogoView.swift in Sources */ = {isa = PBXBuildFile; fileRef = 291EB5122BDDED5500A3014C /* CoinLogoView.swift */; };
		292EE65C2BCC80BA009AE77C /* StatisticModel.swift in Sources */ = {isa = PBXBuildFile; fileRef = 292EE65B2BCC80BA009AE77C /* StatisticModel.swift */; };
		292EE65E2BCC8263009AE77C /* StatisticView.swift in Sources */ = {isa = PBXBuildFile; fileRef = 292EE65D2BCC8263009AE77C /* StatisticView.swift */; };
		292EE6602BCC85DC009AE77C /* HomeStatsView.swift in Sources */ = {isa = PBXBuildFile; fileRef = 292EE65F2BCC85DC009AE77C /* HomeStatsView.swift */; };
		2935F4C72BD5C1D6003E3B0B /* MarketDataModel.swift in Sources */ = {isa = PBXBuildFile; fileRef = 2935F4C62BD5C1D6003E3B0B /* MarketDataModel.swift */; };
		2935F4C92BD5C28C003E3B0B /* MarketDataDto.swift in Sources */ = {isa = PBXBuildFile; fileRef = 2935F4C82BD5C28C003E3B0B /* MarketDataDto.swift */; };
		2935F4CB2BD5C613003E3B0B /* MarketDataService.swift in Sources */ = {isa = PBXBuildFile; fileRef = 2935F4CA2BD5C613003E3B0B /* MarketDataService.swift */; };
		2935F4CD2BD5C662003E3B0B /* MarketDataDtoMapper.swift in Sources */ = {isa = PBXBuildFile; fileRef = 2935F4CC2BD5C662003E3B0B /* MarketDataDtoMapper.swift */; };
		29419CCA2BC2429A00C6BEC7 /* LocalFileManager.swift in Sources */ = {isa = PBXBuildFile; fileRef = 29419CC92BC2429A00C6BEC7 /* LocalFileManager.swift */; };
		29429B282BB7B1770050271E /* CoinImageViewModel.swift in Sources */ = {isa = PBXBuildFile; fileRef = 29429B272BB7B1770050271E /* CoinImageViewModel.swift */; };
		29568DA82BB7675F00E7E912 /* CoinImageView.swift in Sources */ = {isa = PBXBuildFile; fileRef = 29568DA72BB7675F00E7E912 /* CoinImageView.swift */; };
		29568DAA2BB7690D00E7E912 /* CoinImageService.swift in Sources */ = {isa = PBXBuildFile; fileRef = 29568DA92BB7690D00E7E912 /* CoinImageService.swift */; };
		296B875A2C1E5777008BC62A /* DetailViewModel.swift in Sources */ = {isa = PBXBuildFile; fileRef = 296B87592C1E5777008BC62A /* DetailViewModel.swift */; };
		296B875C2C1E58F3008BC62A /* CoinDetailModel.swift in Sources */ = {isa = PBXBuildFile; fileRef = 296B875B2C1E58F3008BC62A /* CoinDetailModel.swift */; };
		296B875E2C1E5B3F008BC62A /* CoinDetailDto.swift in Sources */ = {isa = PBXBuildFile; fileRef = 296B875D2C1E5B3F008BC62A /* CoinDetailDto.swift */; };
		296B87602C1E656B008BC62A /* CoinDetailDtoMapper.swift in Sources */ = {isa = PBXBuildFile; fileRef = 296B875F2C1E656B008BC62A /* CoinDetailDtoMapper.swift */; };
		296B87622C1E67A9008BC62A /* CoinDetailDataService.swift in Sources */ = {isa = PBXBuildFile; fileRef = 296B87612C1E67A9008BC62A /* CoinDetailDataService.swift */; };
		296B87642C1E67F7008BC62A /* bitcoinDetailResponse.json in Resources */ = {isa = PBXBuildFile; fileRef = 296B87632C1E67F7008BC62A /* bitcoinDetailResponse.json */; };
		298CA0512BC4C6EB004AF8A6 /* SearchBarView.swift in Sources */ = {isa = PBXBuildFile; fileRef = 298CA0502BC4C6EB004AF8A6 /* SearchBarView.swift */; };
		298CA0532BC4CFB4004AF8A6 /* UIApplication.swift in Sources */ = {isa = PBXBuildFile; fileRef = 298CA0522BC4CFB4004AF8A6 /* UIApplication.swift */; };
		2998474A2BEDB34800AB006A /* HapticManager.swift in Sources */ = {isa = PBXBuildFile; fileRef = 299847492BEDB34800AB006A /* HapticManager.swift */; };
		299A2E932BE70B570010FC68 /* PortfolioContainer.xcdatamodeld in Sources */ = {isa = PBXBuildFile; fileRef = 299A2E912BE70B570010FC68 /* PortfolioContainer.xcdatamodeld */; };
		299A2E952BE70BF50010FC68 /* PortfolioDataService.swift in Sources */ = {isa = PBXBuildFile; fileRef = 299A2E942BE70BF50010FC68 /* PortfolioDataService.swift */; };
		29B2CE732B9BEB3C00C8C21C /* CryptoAppApp.swift in Sources */ = {isa = PBXBuildFile; fileRef = 29B2CE722B9BEB3C00C8C21C /* CryptoAppApp.swift */; };
		29B2CE752B9BEB3C00C8C21C /* ContentView.swift in Sources */ = {isa = PBXBuildFile; fileRef = 29B2CE742B9BEB3C00C8C21C /* ContentView.swift */; };
		29B2CE7A2B9BEB3D00C8C21C /* Preview Assets.xcassets in Resources */ = {isa = PBXBuildFile; fileRef = 29B2CE792B9BEB3D00C8C21C /* Preview Assets.xcassets */; };
		29B2CE842B9BEB3E00C8C21C /* CryptoAppTests.swift in Sources */ = {isa = PBXBuildFile; fileRef = 29B2CE832B9BEB3E00C8C21C /* CryptoAppTests.swift */; };
		29B2CE8E2B9BEB3E00C8C21C /* CryptoAppUITests.swift in Sources */ = {isa = PBXBuildFile; fileRef = 29B2CE8D2B9BEB3E00C8C21C /* CryptoAppUITests.swift */; };
		29B2CE902B9BEB3E00C8C21C /* CryptoAppUITestsLaunchTests.swift in Sources */ = {isa = PBXBuildFile; fileRef = 29B2CE8F2B9BEB3E00C8C21C /* CryptoAppUITestsLaunchTests.swift */; };
		29B2CE9D2B9BF21300C8C21C /* Assets.xcassets in Resources */ = {isa = PBXBuildFile; fileRef = 29B2CE9C2B9BF21300C8C21C /* Assets.xcassets */; };
		29B2CEA22B9BF86C00C8C21C /* Color.swift in Sources */ = {isa = PBXBuildFile; fileRef = 29B2CEA12B9BF86C00C8C21C /* Color.swift */; };
		29B2CEA82B9BFAE100C8C21C /* HomeView.swift in Sources */ = {isa = PBXBuildFile; fileRef = 29B2CEA72B9BFAE100C8C21C /* HomeView.swift */; };
		29B2CEAA2B9BFC7200C8C21C /* Views.swift in Sources */ = {isa = PBXBuildFile; fileRef = 29B2CEA92B9BFC7200C8C21C /* Views.swift */; };
		29B2CEAE2B9C051800C8C21C /* CircleButtonView.swift in Sources */ = {isa = PBXBuildFile; fileRef = 29B2CEAD2B9C051800C8C21C /* CircleButtonView.swift */; };
		29B2CEBC2B9C187500C8C21C /* Localizable.strings in Resources */ = {isa = PBXBuildFile; fileRef = 29B2CEBA2B9C187500C8C21C /* Localizable.strings */; };
		29B2CEBF2B9C1C8F00C8C21C /* LocalizableKeys.swift in Sources */ = {isa = PBXBuildFile; fileRef = 29B2CEBE2B9C1C8F00C8C21C /* LocalizableKeys.swift */; };
		29BFAAAF2B9E3430007E6A34 /* Double.swift in Sources */ = {isa = PBXBuildFile; fileRef = 29BFAAAE2B9E3430007E6A34 /* Double.swift */; };
		29BFAAB12B9E3533007E6A34 /* Currency.swift in Sources */ = {isa = PBXBuildFile; fileRef = 29BFAAB02B9E3533007E6A34 /* Currency.swift */; };
		29BFAAB42B9E3920007E6A34 /* CoinDtoMapper.swift in Sources */ = {isa = PBXBuildFile; fileRef = 29BFAAB32B9E3920007E6A34 /* CoinDtoMapper.swift */; };
		29BFAAB82B9E3D79007E6A34 /* SparklineDtoMapper.swift in Sources */ = {isa = PBXBuildFile; fileRef = 29BFAAB72B9E3D79007E6A34 /* SparklineDtoMapper.swift */; };
		29D8D6802C1659D600C2F3D4 /* DetailView.swift in Sources */ = {isa = PBXBuildFile; fileRef = 29D8D67F2C1659D600C2F3D4 /* DetailView.swift */; };
		29DF4E342BA146490061ECBA /* HomeViewModel.swift in Sources */ = {isa = PBXBuildFile; fileRef = 29DF4E332BA146490061ECBA /* HomeViewModel.swift */; };
		29DF4E372BA1481D0061ECBA /* CoinDataService.swift in Sources */ = {isa = PBXBuildFile; fileRef = 29DF4E362BA1481D0061ECBA /* CoinDataService.swift */; };
/* End PBXBuildFile section */

/* Begin PBXContainerItemProxy section */
		29B2CE802B9BEB3E00C8C21C /* PBXContainerItemProxy */ = {
			isa = PBXContainerItemProxy;
			containerPortal = 29B2CE672B9BEB3C00C8C21C /* Project object */;
			proxyType = 1;
			remoteGlobalIDString = 29B2CE6E2B9BEB3C00C8C21C;
			remoteInfo = CryptoApp;
		};
		29B2CE8A2B9BEB3E00C8C21C /* PBXContainerItemProxy */ = {
			isa = PBXContainerItemProxy;
			containerPortal = 29B2CE672B9BEB3C00C8C21C /* Project object */;
			proxyType = 1;
			remoteGlobalIDString = 29B2CE6E2B9BEB3C00C8C21C;
			remoteInfo = CryptoApp;
		};
/* End PBXContainerItemProxy section */

/* Begin PBXFileReference section */
		290180E92B9C1E4E00D62119 /* Images.swift */ = {isa = PBXFileReference; lastKnownFileType = sourcecode.swift; path = Images.swift; sourceTree = "<group>"; };
		290180ED2B9C2BEB00D62119 /* CircleButtonAnimation.swift */ = {isa = PBXFileReference; lastKnownFileType = sourcecode.swift; path = CircleButtonAnimation.swift; sourceTree = "<group>"; };
		290180F02B9CD59600D62119 /* CoinModel.swift */ = {isa = PBXFileReference; lastKnownFileType = sourcecode.swift; path = CoinModel.swift; sourceTree = "<group>"; };
		290180F42B9CE14400D62119 /* CoinDto.swift */ = {isa = PBXFileReference; lastKnownFileType = sourcecode.swift; path = CoinDto.swift; sourceTree = "<group>"; };
		290180F62B9D1D7400D62119 /* CoinRowView.swift */ = {isa = PBXFileReference; lastKnownFileType = sourcecode.swift; path = CoinRowView.swift; sourceTree = "<group>"; };
		290180F82B9D1E8500D62119 /* PreviewProvider.swift */ = {isa = PBXFileReference; lastKnownFileType = sourcecode.swift; path = PreviewProvider.swift; sourceTree = "<group>"; };
		29053B722BA7C0EA001B1FCA /* NetworkingManager.swift */ = {isa = PBXFileReference; lastKnownFileType = sourcecode.swift; path = NetworkingManager.swift; sourceTree = "<group>"; };
		291EB5062BDDD07300A3014C /* PortfolioView.swift */ = {isa = PBXFileReference; lastKnownFileType = sourcecode.swift; path = PortfolioView.swift; sourceTree = "<group>"; };
		291EB50C2BDDD35300A3014C /* marketsResponse.json */ = {isa = PBXFileReference; fileEncoding = 4; lastKnownFileType = text.json; path = marketsResponse.json; sourceTree = "<group>"; };
		291EB50E2BDDE12700A3014C /* marketDataResponse.json */ = {isa = PBXFileReference; fileEncoding = 4; lastKnownFileType = text.json; path = marketDataResponse.json; sourceTree = "<group>"; };
		291EB5102BDDE9EC00A3014C /* XMarkButton.swift */ = {isa = PBXFileReference; lastKnownFileType = sourcecode.swift; path = XMarkButton.swift; sourceTree = "<group>"; };
		291EB5122BDDED5500A3014C /* CoinLogoView.swift */ = {isa = PBXFileReference; lastKnownFileType = sourcecode.swift; path = CoinLogoView.swift; sourceTree = "<group>"; };
		292EE65B2BCC80BA009AE77C /* StatisticModel.swift */ = {isa = PBXFileReference; lastKnownFileType = sourcecode.swift; path = StatisticModel.swift; sourceTree = "<group>"; };
		292EE65D2BCC8263009AE77C /* StatisticView.swift */ = {isa = PBXFileReference; lastKnownFileType = sourcecode.swift; path = StatisticView.swift; sourceTree = "<group>"; };
		292EE65F2BCC85DC009AE77C /* HomeStatsView.swift */ = {isa = PBXFileReference; lastKnownFileType = sourcecode.swift; path = HomeStatsView.swift; sourceTree = "<group>"; };
		2935F4C62BD5C1D6003E3B0B /* MarketDataModel.swift */ = {isa = PBXFileReference; lastKnownFileType = sourcecode.swift; path = MarketDataModel.swift; sourceTree = "<group>"; };
		2935F4C82BD5C28C003E3B0B /* MarketDataDto.swift */ = {isa = PBXFileReference; lastKnownFileType = sourcecode.swift; path = MarketDataDto.swift; sourceTree = "<group>"; };
		2935F4CA2BD5C613003E3B0B /* MarketDataService.swift */ = {isa = PBXFileReference; lastKnownFileType = sourcecode.swift; path = MarketDataService.swift; sourceTree = "<group>"; };
		2935F4CC2BD5C662003E3B0B /* MarketDataDtoMapper.swift */ = {isa = PBXFileReference; lastKnownFileType = sourcecode.swift; path = MarketDataDtoMapper.swift; sourceTree = "<group>"; };
		29419CC92BC2429A00C6BEC7 /* LocalFileManager.swift */ = {isa = PBXFileReference; lastKnownFileType = sourcecode.swift; path = LocalFileManager.swift; sourceTree = "<group>"; };
		29429B272BB7B1770050271E /* CoinImageViewModel.swift */ = {isa = PBXFileReference; lastKnownFileType = sourcecode.swift; path = CoinImageViewModel.swift; sourceTree = "<group>"; };
		29568DA72BB7675F00E7E912 /* CoinImageView.swift */ = {isa = PBXFileReference; lastKnownFileType = sourcecode.swift; path = CoinImageView.swift; sourceTree = "<group>"; };
		29568DA92BB7690D00E7E912 /* CoinImageService.swift */ = {isa = PBXFileReference; lastKnownFileType = sourcecode.swift; path = CoinImageService.swift; sourceTree = "<group>"; };
		296B87592C1E5777008BC62A /* DetailViewModel.swift */ = {isa = PBXFileReference; lastKnownFileType = sourcecode.swift; path = DetailViewModel.swift; sourceTree = "<group>"; };
		296B875B2C1E58F3008BC62A /* CoinDetailModel.swift */ = {isa = PBXFileReference; lastKnownFileType = sourcecode.swift; path = CoinDetailModel.swift; sourceTree = "<group>"; };
		296B875D2C1E5B3F008BC62A /* CoinDetailDto.swift */ = {isa = PBXFileReference; lastKnownFileType = sourcecode.swift; path = CoinDetailDto.swift; sourceTree = "<group>"; };
		296B875F2C1E656B008BC62A /* CoinDetailDtoMapper.swift */ = {isa = PBXFileReference; lastKnownFileType = sourcecode.swift; path = CoinDetailDtoMapper.swift; sourceTree = "<group>"; };
		296B87612C1E67A9008BC62A /* CoinDetailDataService.swift */ = {isa = PBXFileReference; lastKnownFileType = sourcecode.swift; path = CoinDetailDataService.swift; sourceTree = "<group>"; };
		296B87632C1E67F7008BC62A /* bitcoinDetailResponse.json */ = {isa = PBXFileReference; fileEncoding = 4; lastKnownFileType = text.json; path = bitcoinDetailResponse.json; sourceTree = "<group>"; };
		298CA0502BC4C6EB004AF8A6 /* SearchBarView.swift */ = {isa = PBXFileReference; lastKnownFileType = sourcecode.swift; path = SearchBarView.swift; sourceTree = "<group>"; };
		298CA0522BC4CFB4004AF8A6 /* UIApplication.swift */ = {isa = PBXFileReference; lastKnownFileType = sourcecode.swift; path = UIApplication.swift; sourceTree = "<group>"; };
		299847492BEDB34800AB006A /* HapticManager.swift */ = {isa = PBXFileReference; lastKnownFileType = sourcecode.swift; path = HapticManager.swift; sourceTree = "<group>"; };
		299A2E922BE70B570010FC68 /* PortfolioContainer.xcdatamodel */ = {isa = PBXFileReference; lastKnownFileType = wrapper.xcdatamodel; path = PortfolioContainer.xcdatamodel; sourceTree = "<group>"; };
		299A2E942BE70BF50010FC68 /* PortfolioDataService.swift */ = {isa = PBXFileReference; lastKnownFileType = sourcecode.swift; path = PortfolioDataService.swift; sourceTree = "<group>"; };
		29B2CE6F2B9BEB3C00C8C21C /* CryptoApp.app */ = {isa = PBXFileReference; explicitFileType = wrapper.application; includeInIndex = 0; path = CryptoApp.app; sourceTree = BUILT_PRODUCTS_DIR; };
		29B2CE722B9BEB3C00C8C21C /* CryptoAppApp.swift */ = {isa = PBXFileReference; lastKnownFileType = sourcecode.swift; path = CryptoAppApp.swift; sourceTree = "<group>"; };
		29B2CE742B9BEB3C00C8C21C /* ContentView.swift */ = {isa = PBXFileReference; lastKnownFileType = sourcecode.swift; path = ContentView.swift; sourceTree = "<group>"; };
		29B2CE792B9BEB3D00C8C21C /* Preview Assets.xcassets */ = {isa = PBXFileReference; lastKnownFileType = folder.assetcatalog; path = "Preview Assets.xcassets"; sourceTree = "<group>"; };
		29B2CE7F2B9BEB3E00C8C21C /* CryptoAppTests.xctest */ = {isa = PBXFileReference; explicitFileType = wrapper.cfbundle; includeInIndex = 0; path = CryptoAppTests.xctest; sourceTree = BUILT_PRODUCTS_DIR; };
		29B2CE832B9BEB3E00C8C21C /* CryptoAppTests.swift */ = {isa = PBXFileReference; lastKnownFileType = sourcecode.swift; path = CryptoAppTests.swift; sourceTree = "<group>"; };
		29B2CE892B9BEB3E00C8C21C /* CryptoAppUITests.xctest */ = {isa = PBXFileReference; explicitFileType = wrapper.cfbundle; includeInIndex = 0; path = CryptoAppUITests.xctest; sourceTree = BUILT_PRODUCTS_DIR; };
		29B2CE8D2B9BEB3E00C8C21C /* CryptoAppUITests.swift */ = {isa = PBXFileReference; lastKnownFileType = sourcecode.swift; path = CryptoAppUITests.swift; sourceTree = "<group>"; };
		29B2CE8F2B9BEB3E00C8C21C /* CryptoAppUITestsLaunchTests.swift */ = {isa = PBXFileReference; lastKnownFileType = sourcecode.swift; path = CryptoAppUITestsLaunchTests.swift; sourceTree = "<group>"; };
		29B2CE9C2B9BF21300C8C21C /* Assets.xcassets */ = {isa = PBXFileReference; lastKnownFileType = folder.assetcatalog; name = Assets.xcassets; path = ../../../../../../Users/jordanrojasalarcon/Downloads/Resources/Assets.xcassets; sourceTree = "<group>"; };
		29B2CEA12B9BF86C00C8C21C /* Color.swift */ = {isa = PBXFileReference; lastKnownFileType = sourcecode.swift; path = Color.swift; sourceTree = "<group>"; };
		29B2CEA72B9BFAE100C8C21C /* HomeView.swift */ = {isa = PBXFileReference; lastKnownFileType = sourcecode.swift; path = HomeView.swift; sourceTree = "<group>"; };
		29B2CEA92B9BFC7200C8C21C /* Views.swift */ = {isa = PBXFileReference; lastKnownFileType = sourcecode.swift; path = Views.swift; sourceTree = "<group>"; };
		29B2CEAD2B9C051800C8C21C /* CircleButtonView.swift */ = {isa = PBXFileReference; lastKnownFileType = sourcecode.swift; path = CircleButtonView.swift; sourceTree = "<group>"; };
		29B2CEBB2B9C187500C8C21C /* en */ = {isa = PBXFileReference; lastKnownFileType = text.plist.strings; name = en; path = en.lproj/Localizable.strings; sourceTree = "<group>"; };
		29B2CEBD2B9C199000C8C21C /* es */ = {isa = PBXFileReference; lastKnownFileType = text.plist.strings; name = es; path = es.lproj/Localizable.strings; sourceTree = "<group>"; };
		29B2CEBE2B9C1C8F00C8C21C /* LocalizableKeys.swift */ = {isa = PBXFileReference; lastKnownFileType = sourcecode.swift; path = LocalizableKeys.swift; sourceTree = "<group>"; };
		29BFAAAE2B9E3430007E6A34 /* Double.swift */ = {isa = PBXFileReference; lastKnownFileType = sourcecode.swift; path = Double.swift; sourceTree = "<group>"; };
		29BFAAB02B9E3533007E6A34 /* Currency.swift */ = {isa = PBXFileReference; lastKnownFileType = sourcecode.swift; path = Currency.swift; sourceTree = "<group>"; };
		29BFAAB32B9E3920007E6A34 /* CoinDtoMapper.swift */ = {isa = PBXFileReference; lastKnownFileType = sourcecode.swift; path = CoinDtoMapper.swift; sourceTree = "<group>"; };
		29BFAAB72B9E3D79007E6A34 /* SparklineDtoMapper.swift */ = {isa = PBXFileReference; fileEncoding = 4; lastKnownFileType = sourcecode.swift; path = SparklineDtoMapper.swift; sourceTree = "<group>"; };
		29D8D67F2C1659D600C2F3D4 /* DetailView.swift */ = {isa = PBXFileReference; lastKnownFileType = sourcecode.swift; path = DetailView.swift; sourceTree = "<group>"; };
		29DF4E332BA146490061ECBA /* HomeViewModel.swift */ = {isa = PBXFileReference; lastKnownFileType = sourcecode.swift; path = HomeViewModel.swift; sourceTree = "<group>"; };
		29DF4E362BA1481D0061ECBA /* CoinDataService.swift */ = {isa = PBXFileReference; lastKnownFileType = sourcecode.swift; path = CoinDataService.swift; sourceTree = "<group>"; };
/* End PBXFileReference section */

/* Begin PBXFrameworksBuildPhase section */
		29B2CE6C2B9BEB3C00C8C21C /* Frameworks */ = {
			isa = PBXFrameworksBuildPhase;
			buildActionMask = 2147483647;
			files = (
			);
			runOnlyForDeploymentPostprocessing = 0;
		};
		29B2CE7C2B9BEB3E00C8C21C /* Frameworks */ = {
			isa = PBXFrameworksBuildPhase;
			buildActionMask = 2147483647;
			files = (
			);
			runOnlyForDeploymentPostprocessing = 0;
		};
		29B2CE862B9BEB3E00C8C21C /* Frameworks */ = {
			isa = PBXFrameworksBuildPhase;
			buildActionMask = 2147483647;
			files = (
			);
			runOnlyForDeploymentPostprocessing = 0;
		};
/* End PBXFrameworksBuildPhase section */

/* Begin PBXGroup section */
		290180EF2B9CD57100D62119 /* Models */ = {
			isa = PBXGroup;
			children = (
				290180F02B9CD59600D62119 /* CoinModel.swift */,
				292EE65B2BCC80BA009AE77C /* StatisticModel.swift */,
				2935F4C62BD5C1D6003E3B0B /* MarketDataModel.swift */,
				299A2E912BE70B570010FC68 /* PortfolioContainer.xcdatamodeld */,
				296B875B2C1E58F3008BC62A /* CoinDetailModel.swift */,
			);
			path = Models;
			sourceTree = "<group>";
		};
		290180F22B9CE12A00D62119 /* Data */ = {
			isa = PBXGroup;
			children = (
				290180F32B9CE13500D62119 /* Remote */,
				29BFAAB22B9E385C007E6A34 /* Mappers */,
			);
			path = Data;
			sourceTree = "<group>";
		};
		290180F32B9CE13500D62119 /* Remote */ = {
			isa = PBXGroup;
			children = (
				290180F42B9CE14400D62119 /* CoinDto.swift */,
				2935F4C82BD5C28C003E3B0B /* MarketDataDto.swift */,
				296B875D2C1E5B3F008BC62A /* CoinDetailDto.swift */,
			);
			path = Remote;
			sourceTree = "<group>";
		};
		29053B712BA7C0D6001B1FCA /* Utilities */ = {
			isa = PBXGroup;
			children = (
				29053B722BA7C0EA001B1FCA /* NetworkingManager.swift */,
				29419CC92BC2429A00C6BEC7 /* LocalFileManager.swift */,
				299847492BEDB34800AB006A /* HapticManager.swift */,
			);
			path = Utilities;
			sourceTree = "<group>";
		};
		291EB5092BDDD24B00A3014C /* JsonResponse */ = {
			isa = PBXGroup;
			children = (
				291EB50C2BDDD35300A3014C /* marketsResponse.json */,
				291EB50E2BDDE12700A3014C /* marketDataResponse.json */,
				296B87632C1E67F7008BC62A /* bitcoinDetailResponse.json */,
			);
			path = JsonResponse;
			sourceTree = "<group>";
		};
		29568DA62BB7675100E7E912 /* CoinImage */ = {
			isa = PBXGroup;
			children = (
				29568DA72BB7675F00E7E912 /* CoinImageView.swift */,
				291EB5122BDDED5500A3014C /* CoinLogoView.swift */,
				29429B272BB7B1770050271E /* CoinImageViewModel.swift */,
			);
			path = CoinImage;
			sourceTree = "<group>";
		};
		29B2CE662B9BEB3C00C8C21C = {
			isa = PBXGroup;
			children = (
				29B2CE712B9BEB3C00C8C21C /* CryptoApp */,
				29B2CE822B9BEB3E00C8C21C /* CryptoAppTests */,
				29B2CE8C2B9BEB3E00C8C21C /* CryptoAppUITests */,
				29B2CE702B9BEB3C00C8C21C /* Products */,
			);
			sourceTree = "<group>";
		};
		29B2CE702B9BEB3C00C8C21C /* Products */ = {
			isa = PBXGroup;
			children = (
				29B2CE6F2B9BEB3C00C8C21C /* CryptoApp.app */,
				29B2CE7F2B9BEB3E00C8C21C /* CryptoAppTests.xctest */,
				29B2CE892B9BEB3E00C8C21C /* CryptoAppUITests.xctest */,
			);
			name = Products;
			sourceTree = "<group>";
		};
		29B2CE712B9BEB3C00C8C21C /* CryptoApp */ = {
			isa = PBXGroup;
			children = (
				29B2CE722B9BEB3C00C8C21C /* CryptoAppApp.swift */,
				29B2CE742B9BEB3C00C8C21C /* ContentView.swift */,
				29053B712BA7C0D6001B1FCA /* Utilities */,
				29B2CEA02B9BF85800C8C21C /* Extensions */,
				29DF4E352BA147E80061ECBA /* Services */,
				290180F22B9CE12A00D62119 /* Data */,
				290180EF2B9CD57100D62119 /* Models */,
				29B2CEA32B9BFAA900C8C21C /* Core */,
				29B2CEAF2B9C0EBF00C8C21C /* Resources */,
				291EB5092BDDD24B00A3014C /* JsonResponse */,
				29B2CE9C2B9BF21300C8C21C /* Assets.xcassets */,
				29B2CE782B9BEB3D00C8C21C /* Preview Content */,
			);
			path = CryptoApp;
			sourceTree = "<group>";
		};
		29B2CE782B9BEB3D00C8C21C /* Preview Content */ = {
			isa = PBXGroup;
			children = (
				29B2CE792B9BEB3D00C8C21C /* Preview Assets.xcassets */,
			);
			path = "Preview Content";
			sourceTree = "<group>";
		};
		29B2CE822B9BEB3E00C8C21C /* CryptoAppTests */ = {
			isa = PBXGroup;
			children = (
				29B2CE832B9BEB3E00C8C21C /* CryptoAppTests.swift */,
			);
			path = CryptoAppTests;
			sourceTree = "<group>";
		};
		29B2CE8C2B9BEB3E00C8C21C /* CryptoAppUITests */ = {
			isa = PBXGroup;
			children = (
				29B2CE8D2B9BEB3E00C8C21C /* CryptoAppUITests.swift */,
				29B2CE8F2B9BEB3E00C8C21C /* CryptoAppUITestsLaunchTests.swift */,
			);
			path = CryptoAppUITests;
			sourceTree = "<group>";
		};
		29B2CEA02B9BF85800C8C21C /* Extensions */ = {
			isa = PBXGroup;
			children = (
				29B2CEA12B9BF86C00C8C21C /* Color.swift */,
				29B2CEA92B9BFC7200C8C21C /* Views.swift */,
				290180F82B9D1E8500D62119 /* PreviewProvider.swift */,
				29BFAAAE2B9E3430007E6A34 /* Double.swift */,
				298CA0522BC4CFB4004AF8A6 /* UIApplication.swift */,
			);
			path = Extensions;
			sourceTree = "<group>";
		};
		29B2CEA32B9BFAA900C8C21C /* Core */ = {
			isa = PBXGroup;
			children = (
				29B2CEAB2B9C04C000C8C21C /* Components */,
				29B2CEA42B9BFABD00C8C21C /* Home */,
				29D8D67C2C16599700C2F3D4 /* Detail */,
			);
			path = Core;
			sourceTree = "<group>";
		};
		29B2CEA42B9BFABD00C8C21C /* Home */ = {
			isa = PBXGroup;
			children = (
				29B2CEA62B9BFACD00C8C21C /* ViewModels */,
				29B2CEA52B9BFAC800C8C21C /* Views */,
			);
			path = Home;
			sourceTree = "<group>";
		};
		29B2CEA52B9BFAC800C8C21C /* Views */ = {
			isa = PBXGroup;
			children = (
				29B2CEA72B9BFAE100C8C21C /* HomeView.swift */,
				290180F62B9D1D7400D62119 /* CoinRowView.swift */,
				292EE65F2BCC85DC009AE77C /* HomeStatsView.swift */,
				291EB5062BDDD07300A3014C /* PortfolioView.swift */,
			);
			path = Views;
			sourceTree = "<group>";
		};
		29B2CEA62B9BFACD00C8C21C /* ViewModels */ = {
			isa = PBXGroup;
			children = (
				29DF4E332BA146490061ECBA /* HomeViewModel.swift */,
			);
			path = ViewModels;
			sourceTree = "<group>";
		};
		29B2CEAB2B9C04C000C8C21C /* Components */ = {
			isa = PBXGroup;
			children = (
				29568DA62BB7675100E7E912 /* CoinImage */,
				29B2CEAC2B9C04C900C8C21C /* CircleButton */,
				298CA0502BC4C6EB004AF8A6 /* SearchBarView.swift */,
				292EE65D2BCC8263009AE77C /* StatisticView.swift */,
				291EB5102BDDE9EC00A3014C /* XMarkButton.swift */,
			);
			path = Components;
			sourceTree = "<group>";
		};
		29B2CEAC2B9C04C900C8C21C /* CircleButton */ = {
			isa = PBXGroup;
			children = (
				29B2CEAD2B9C051800C8C21C /* CircleButtonView.swift */,
				290180ED2B9C2BEB00D62119 /* CircleButtonAnimation.swift */,
			);
			path = CircleButton;
			sourceTree = "<group>";
		};
		29B2CEAF2B9C0EBF00C8C21C /* Resources */ = {
			isa = PBXGroup;
			children = (
				29B2CEBE2B9C1C8F00C8C21C /* LocalizableKeys.swift */,
				29B2CEBA2B9C187500C8C21C /* Localizable.strings */,
				290180E92B9C1E4E00D62119 /* Images.swift */,
				29BFAAB02B9E3533007E6A34 /* Currency.swift */,
			);
			path = Resources;
			sourceTree = "<group>";
		};
		29BFAAB22B9E385C007E6A34 /* Mappers */ = {
			isa = PBXGroup;
			children = (
				29BFAAB72B9E3D79007E6A34 /* SparklineDtoMapper.swift */,
				29BFAAB32B9E3920007E6A34 /* CoinDtoMapper.swift */,
				2935F4CC2BD5C662003E3B0B /* MarketDataDtoMapper.swift */,
				296B875F2C1E656B008BC62A /* CoinDetailDtoMapper.swift */,
			);
			path = Mappers;
			sourceTree = "<group>";
		};
		29D8D67C2C16599700C2F3D4 /* Detail */ = {
			isa = PBXGroup;
			children = (
				29D8D67D2C1659BE00C2F3D4 /* ViewModels */,
				29D8D67E2C1659C300C2F3D4 /* View */,
			);
			path = Detail;
			sourceTree = "<group>";
		};
		29D8D67D2C1659BE00C2F3D4 /* ViewModels */ = {
			isa = PBXGroup;
			children = (
				296B87592C1E5777008BC62A /* DetailViewModel.swift */,
			);
			path = ViewModels;
			sourceTree = "<group>";
		};
		29D8D67E2C1659C300C2F3D4 /* View */ = {
			isa = PBXGroup;
			children = (
				29D8D67F2C1659D600C2F3D4 /* DetailView.swift */,
			);
			path = View;
			sourceTree = "<group>";
		};
		29DF4E352BA147E80061ECBA /* Services */ = {
			isa = PBXGroup;
			children = (
				29DF4E362BA1481D0061ECBA /* CoinDataService.swift */,
				296B87612C1E67A9008BC62A /* CoinDetailDataService.swift */,
				29568DA92BB7690D00E7E912 /* CoinImageService.swift */,
				2935F4CA2BD5C613003E3B0B /* MarketDataService.swift */,
				299A2E942BE70BF50010FC68 /* PortfolioDataService.swift */,
			);
			path = Services;
			sourceTree = "<group>";
		};
/* End PBXGroup section */

/* Begin PBXNativeTarget section */
		29B2CE6E2B9BEB3C00C8C21C /* CryptoApp */ = {
			isa = PBXNativeTarget;
			buildConfigurationList = 29B2CE932B9BEB3E00C8C21C /* Build configuration list for PBXNativeTarget "CryptoApp" */;
			buildPhases = (
				29B2CE6B2B9BEB3C00C8C21C /* Sources */,
				29B2CE6C2B9BEB3C00C8C21C /* Frameworks */,
				29B2CE6D2B9BEB3C00C8C21C /* Resources */,
				29B2CE9E2B9BF49C00C8C21C /* SwiftLint */,
			);
			buildRules = (
			);
			dependencies = (
			);
			name = CryptoApp;
			productName = CryptoApp;
			productReference = 29B2CE6F2B9BEB3C00C8C21C /* CryptoApp.app */;
			productType = "com.apple.product-type.application";
		};
		29B2CE7E2B9BEB3E00C8C21C /* CryptoAppTests */ = {
			isa = PBXNativeTarget;
			buildConfigurationList = 29B2CE962B9BEB3E00C8C21C /* Build configuration list for PBXNativeTarget "CryptoAppTests" */;
			buildPhases = (
				29B2CE7B2B9BEB3E00C8C21C /* Sources */,
				29B2CE7C2B9BEB3E00C8C21C /* Frameworks */,
				29B2CE7D2B9BEB3E00C8C21C /* Resources */,
			);
			buildRules = (
			);
			dependencies = (
				29B2CE812B9BEB3E00C8C21C /* PBXTargetDependency */,
			);
			name = CryptoAppTests;
			productName = CryptoAppTests;
			productReference = 29B2CE7F2B9BEB3E00C8C21C /* CryptoAppTests.xctest */;
			productType = "com.apple.product-type.bundle.unit-test";
		};
		29B2CE882B9BEB3E00C8C21C /* CryptoAppUITests */ = {
			isa = PBXNativeTarget;
			buildConfigurationList = 29B2CE992B9BEB3E00C8C21C /* Build configuration list for PBXNativeTarget "CryptoAppUITests" */;
			buildPhases = (
				29B2CE852B9BEB3E00C8C21C /* Sources */,
				29B2CE862B9BEB3E00C8C21C /* Frameworks */,
				29B2CE872B9BEB3E00C8C21C /* Resources */,
			);
			buildRules = (
			);
			dependencies = (
				29B2CE8B2B9BEB3E00C8C21C /* PBXTargetDependency */,
			);
			name = CryptoAppUITests;
			productName = CryptoAppUITests;
			productReference = 29B2CE892B9BEB3E00C8C21C /* CryptoAppUITests.xctest */;
			productType = "com.apple.product-type.bundle.ui-testing";
		};
/* End PBXNativeTarget section */

/* Begin PBXProject section */
		29B2CE672B9BEB3C00C8C21C /* Project object */ = {
			isa = PBXProject;
			attributes = {
				BuildIndependentTargetsInParallel = 1;
				LastSwiftUpdateCheck = 1530;
				LastUpgradeCheck = 1530;
				TargetAttributes = {
					29B2CE6E2B9BEB3C00C8C21C = {
						CreatedOnToolsVersion = 15.3;
					};
					29B2CE7E2B9BEB3E00C8C21C = {
						CreatedOnToolsVersion = 15.3;
						TestTargetID = 29B2CE6E2B9BEB3C00C8C21C;
					};
					29B2CE882B9BEB3E00C8C21C = {
						CreatedOnToolsVersion = 15.3;
						TestTargetID = 29B2CE6E2B9BEB3C00C8C21C;
					};
				};
			};
			buildConfigurationList = 29B2CE6A2B9BEB3C00C8C21C /* Build configuration list for PBXProject "CryptoApp" */;
			compatibilityVersion = "Xcode 14.0";
			developmentRegion = en;
			hasScannedForEncodings = 0;
			knownRegions = (
				en,
				Base,
				es,
			);
			mainGroup = 29B2CE662B9BEB3C00C8C21C;
			packageReferences = (
			);
			productRefGroup = 29B2CE702B9BEB3C00C8C21C /* Products */;
			projectDirPath = "";
			projectRoot = "";
			targets = (
				29B2CE6E2B9BEB3C00C8C21C /* CryptoApp */,
				29B2CE7E2B9BEB3E00C8C21C /* CryptoAppTests */,
				29B2CE882B9BEB3E00C8C21C /* CryptoAppUITests */,
			);
		};
/* End PBXProject section */

/* Begin PBXResourcesBuildPhase section */
		29B2CE6D2B9BEB3C00C8C21C /* Resources */ = {
			isa = PBXResourcesBuildPhase;
			buildActionMask = 2147483647;
			files = (
				296B87642C1E67F7008BC62A /* bitcoinDetailResponse.json in Resources */,
				29B2CE7A2B9BEB3D00C8C21C /* Preview Assets.xcassets in Resources */,
				291EB50F2BDDE12700A3014C /* marketDataResponse.json in Resources */,
				29B2CEBC2B9C187500C8C21C /* Localizable.strings in Resources */,
				291EB50D2BDDD35300A3014C /* marketsResponse.json in Resources */,
				29B2CE9D2B9BF21300C8C21C /* Assets.xcassets in Resources */,
			);
			runOnlyForDeploymentPostprocessing = 0;
		};
		29B2CE7D2B9BEB3E00C8C21C /* Resources */ = {
			isa = PBXResourcesBuildPhase;
			buildActionMask = 2147483647;
			files = (
			);
			runOnlyForDeploymentPostprocessing = 0;
		};
		29B2CE872B9BEB3E00C8C21C /* Resources */ = {
			isa = PBXResourcesBuildPhase;
			buildActionMask = 2147483647;
			files = (
			);
			runOnlyForDeploymentPostprocessing = 0;
		};
/* End PBXResourcesBuildPhase section */

/* Begin PBXShellScriptBuildPhase section */
		29B2CE9E2B9BF49C00C8C21C /* SwiftLint */ = {
			isa = PBXShellScriptBuildPhase;
			alwaysOutOfDate = 1;
			buildActionMask = 2147483647;
			files = (
			);
			inputFileListPaths = (
			);
			inputPaths = (
			);
			name = SwiftLint;
			outputFileListPaths = (
			);
			outputPaths = (
			);
			runOnlyForDeploymentPostprocessing = 0;
			shellPath = /bin/sh;
			shellScript = "if [[ \"$(uname -m)\" == arm64 ]]; then\n    export PATH=\"/opt/homebrew/bin:$PATH\"\nfi\n\nif which swiftlint > /dev/null; then\n    git diff --cached --name-only | grep \"\\.swift\" | while read filename; do\n        echo \"swiftlinting file $filename\";\n        swiftlint --fix lint \"$(git rev-parse --show-toplevel)/${filename}\" ;\n    done\nelse\n  echo \"warning: SwiftLint not installed, download from https://github.com/realm/SwiftLint\"\nfi\n";
		};
/* End PBXShellScriptBuildPhase section */

/* Begin PBXSourcesBuildPhase section */
		29B2CE6B2B9BEB3C00C8C21C /* Sources */ = {
			isa = PBXSourcesBuildPhase;
			buildActionMask = 2147483647;
			files = (
				298CA0532BC4CFB4004AF8A6 /* UIApplication.swift in Sources */,
				2935F4CB2BD5C613003E3B0B /* MarketDataService.swift in Sources */,
				290180F72B9D1D7400D62119 /* CoinRowView.swift in Sources */,
				29DF4E342BA146490061ECBA /* HomeViewModel.swift in Sources */,
				2935F4C92BD5C28C003E3B0B /* MarketDataDto.swift in Sources */,
				296B87602C1E656B008BC62A /* CoinDetailDtoMapper.swift in Sources */,
				2935F4CD2BD5C662003E3B0B /* MarketDataDtoMapper.swift in Sources */,
				29B2CEAE2B9C051800C8C21C /* CircleButtonView.swift in Sources */,
				290180EE2B9C2BEB00D62119 /* CircleButtonAnimation.swift in Sources */,
				29DF4E372BA1481D0061ECBA /* CoinDataService.swift in Sources */,
				298CA0512BC4C6EB004AF8A6 /* SearchBarView.swift in Sources */,
				296B87622C1E67A9008BC62A /* CoinDetailDataService.swift in Sources */,
				292EE65C2BCC80BA009AE77C /* StatisticModel.swift in Sources */,
				29568DA82BB7675F00E7E912 /* CoinImageView.swift in Sources */,
				29BFAAB42B9E3920007E6A34 /* CoinDtoMapper.swift in Sources */,
				2998474A2BEDB34800AB006A /* HapticManager.swift in Sources */,
				29BFAAB82B9E3D79007E6A34 /* SparklineDtoMapper.swift in Sources */,
				29BFAAB12B9E3533007E6A34 /* Currency.swift in Sources */,
				29B2CE752B9BEB3C00C8C21C /* ContentView.swift in Sources */,
				299A2E932BE70B570010FC68 /* PortfolioContainer.xcdatamodeld in Sources */,
				290180F92B9D1E8500D62119 /* PreviewProvider.swift in Sources */,
				291EB5072BDDD07300A3014C /* PortfolioView.swift in Sources */,
				290180F52B9CE14400D62119 /* CoinDto.swift in Sources */,
				2935F4C72BD5C1D6003E3B0B /* MarketDataModel.swift in Sources */,
				29429B282BB7B1770050271E /* CoinImageViewModel.swift in Sources */,
				296B875E2C1E5B3F008BC62A /* CoinDetailDto.swift in Sources */,
				290180F12B9CD59600D62119 /* CoinModel.swift in Sources */,
				29B2CEA82B9BFAE100C8C21C /* HomeView.swift in Sources */,
				29053B732BA7C0EA001B1FCA /* NetworkingManager.swift in Sources */,
				29B2CE732B9BEB3C00C8C21C /* CryptoAppApp.swift in Sources */,
				296B875A2C1E5777008BC62A /* DetailViewModel.swift in Sources */,
				29568DAA2BB7690D00E7E912 /* CoinImageService.swift in Sources */,
				291EB5132BDDED5500A3014C /* CoinLogoView.swift in Sources */,
				299A2E952BE70BF50010FC68 /* PortfolioDataService.swift in Sources */,
				292EE65E2BCC8263009AE77C /* StatisticView.swift in Sources */,
				29B2CEAA2B9BFC7200C8C21C /* Views.swift in Sources */,
				290180EA2B9C1E4E00D62119 /* Images.swift in Sources */,
				29D8D6802C1659D600C2F3D4 /* DetailView.swift in Sources */,
				29B2CEBF2B9C1C8F00C8C21C /* LocalizableKeys.swift in Sources */,
				29BFAAAF2B9E3430007E6A34 /* Double.swift in Sources */,
				296B875C2C1E58F3008BC62A /* CoinDetailModel.swift in Sources */,
				291EB5112BDDE9EC00A3014C /* XMarkButton.swift in Sources */,
				29B2CEA22B9BF86C00C8C21C /* Color.swift in Sources */,
				29419CCA2BC2429A00C6BEC7 /* LocalFileManager.swift in Sources */,
				292EE6602BCC85DC009AE77C /* HomeStatsView.swift in Sources */,
			);
			runOnlyForDeploymentPostprocessing = 0;
		};
		29B2CE7B2B9BEB3E00C8C21C /* Sources */ = {
			isa = PBXSourcesBuildPhase;
			buildActionMask = 2147483647;
			files = (
				29B2CE842B9BEB3E00C8C21C /* CryptoAppTests.swift in Sources */,
			);
			runOnlyForDeploymentPostprocessing = 0;
		};
		29B2CE852B9BEB3E00C8C21C /* Sources */ = {
			isa = PBXSourcesBuildPhase;
			buildActionMask = 2147483647;
			files = (
				29B2CE8E2B9BEB3E00C8C21C /* CryptoAppUITests.swift in Sources */,
				29B2CE902B9BEB3E00C8C21C /* CryptoAppUITestsLaunchTests.swift in Sources */,
			);
			runOnlyForDeploymentPostprocessing = 0;
		};
/* End PBXSourcesBuildPhase section */

/* Begin PBXTargetDependency section */
		29B2CE812B9BEB3E00C8C21C /* PBXTargetDependency */ = {
			isa = PBXTargetDependency;
			target = 29B2CE6E2B9BEB3C00C8C21C /* CryptoApp */;
			targetProxy = 29B2CE802B9BEB3E00C8C21C /* PBXContainerItemProxy */;
		};
		29B2CE8B2B9BEB3E00C8C21C /* PBXTargetDependency */ = {
			isa = PBXTargetDependency;
			target = 29B2CE6E2B9BEB3C00C8C21C /* CryptoApp */;
			targetProxy = 29B2CE8A2B9BEB3E00C8C21C /* PBXContainerItemProxy */;
		};
/* End PBXTargetDependency section */

/* Begin PBXVariantGroup section */
		29B2CEBA2B9C187500C8C21C /* Localizable.strings */ = {
			isa = PBXVariantGroup;
			children = (
				29B2CEBB2B9C187500C8C21C /* en */,
				29B2CEBD2B9C199000C8C21C /* es */,
			);
			name = Localizable.strings;
			sourceTree = "<group>";
		};
/* End PBXVariantGroup section */

/* Begin XCBuildConfiguration section */
		29B2CE912B9BEB3E00C8C21C /* Debug */ = {
			isa = XCBuildConfiguration;
			buildSettings = {
				ALWAYS_SEARCH_USER_PATHS = NO;
				ASSETCATALOG_COMPILER_GENERATE_SWIFT_ASSET_SYMBOL_EXTENSIONS = YES;
				CLANG_ANALYZER_LOCALIZABILITY_NONLOCALIZED = YES;
				CLANG_ANALYZER_NONNULL = YES;
				CLANG_ANALYZER_NUMBER_OBJECT_CONVERSION = YES_AGGRESSIVE;
				CLANG_CXX_LANGUAGE_STANDARD = "gnu++20";
				CLANG_ENABLE_MODULES = YES;
				CLANG_ENABLE_OBJC_ARC = YES;
				CLANG_ENABLE_OBJC_WEAK = YES;
				CLANG_WARN_BLOCK_CAPTURE_AUTORELEASING = YES;
				CLANG_WARN_BOOL_CONVERSION = YES;
				CLANG_WARN_COMMA = YES;
				CLANG_WARN_CONSTANT_CONVERSION = YES;
				CLANG_WARN_DEPRECATED_OBJC_IMPLEMENTATIONS = YES;
				CLANG_WARN_DIRECT_OBJC_ISA_USAGE = YES_ERROR;
				CLANG_WARN_DOCUMENTATION_COMMENTS = YES;
				CLANG_WARN_EMPTY_BODY = YES;
				CLANG_WARN_ENUM_CONVERSION = YES;
				CLANG_WARN_INFINITE_RECURSION = YES;
				CLANG_WARN_INT_CONVERSION = YES;
				CLANG_WARN_NON_LITERAL_NULL_CONVERSION = YES;
				CLANG_WARN_OBJC_IMPLICIT_RETAIN_SELF = YES;
				CLANG_WARN_OBJC_LITERAL_CONVERSION = YES;
				CLANG_WARN_OBJC_ROOT_CLASS = YES_ERROR;
				CLANG_WARN_QUOTED_INCLUDE_IN_FRAMEWORK_HEADER = YES;
				CLANG_WARN_RANGE_LOOP_ANALYSIS = YES;
				CLANG_WARN_STRICT_PROTOTYPES = YES;
				CLANG_WARN_SUSPICIOUS_MOVE = YES;
				CLANG_WARN_UNGUARDED_AVAILABILITY = YES_AGGRESSIVE;
				CLANG_WARN_UNREACHABLE_CODE = YES;
				CLANG_WARN__DUPLICATE_METHOD_MATCH = YES;
				COPY_PHASE_STRIP = NO;
				DEBUG_INFORMATION_FORMAT = dwarf;
				ENABLE_STRICT_OBJC_MSGSEND = YES;
				ENABLE_TESTABILITY = YES;
				ENABLE_USER_SCRIPT_SANDBOXING = NO;
				GCC_C_LANGUAGE_STANDARD = gnu17;
				GCC_DYNAMIC_NO_PIC = NO;
				GCC_NO_COMMON_BLOCKS = YES;
				GCC_OPTIMIZATION_LEVEL = 0;
				GCC_PREPROCESSOR_DEFINITIONS = (
					"DEBUG=1",
					"$(inherited)",
				);
				GCC_WARN_64_TO_32_BIT_CONVERSION = YES;
				GCC_WARN_ABOUT_RETURN_TYPE = YES_ERROR;
				GCC_WARN_UNDECLARED_SELECTOR = YES;
				GCC_WARN_UNINITIALIZED_AUTOS = YES_AGGRESSIVE;
				GCC_WARN_UNUSED_FUNCTION = YES;
				GCC_WARN_UNUSED_VARIABLE = YES;
				IPHONEOS_DEPLOYMENT_TARGET = 15.0;
				LOCALIZATION_PREFERS_STRING_CATALOGS = YES;
				MTL_ENABLE_DEBUG_INFO = INCLUDE_SOURCE;
				MTL_FAST_MATH = YES;
				ONLY_ACTIVE_ARCH = YES;
				SDKROOT = iphoneos;
				SWIFT_ACTIVE_COMPILATION_CONDITIONS = "DEBUG $(inherited)";
				SWIFT_OPTIMIZATION_LEVEL = "-Onone";
			};
			name = Debug;
		};
		29B2CE922B9BEB3E00C8C21C /* Release */ = {
			isa = XCBuildConfiguration;
			buildSettings = {
				ALWAYS_SEARCH_USER_PATHS = NO;
				ASSETCATALOG_COMPILER_GENERATE_SWIFT_ASSET_SYMBOL_EXTENSIONS = YES;
				CLANG_ANALYZER_LOCALIZABILITY_NONLOCALIZED = YES;
				CLANG_ANALYZER_NONNULL = YES;
				CLANG_ANALYZER_NUMBER_OBJECT_CONVERSION = YES_AGGRESSIVE;
				CLANG_CXX_LANGUAGE_STANDARD = "gnu++20";
				CLANG_ENABLE_MODULES = YES;
				CLANG_ENABLE_OBJC_ARC = YES;
				CLANG_ENABLE_OBJC_WEAK = YES;
				CLANG_WARN_BLOCK_CAPTURE_AUTORELEASING = YES;
				CLANG_WARN_BOOL_CONVERSION = YES;
				CLANG_WARN_COMMA = YES;
				CLANG_WARN_CONSTANT_CONVERSION = YES;
				CLANG_WARN_DEPRECATED_OBJC_IMPLEMENTATIONS = YES;
				CLANG_WARN_DIRECT_OBJC_ISA_USAGE = YES_ERROR;
				CLANG_WARN_DOCUMENTATION_COMMENTS = YES;
				CLANG_WARN_EMPTY_BODY = YES;
				CLANG_WARN_ENUM_CONVERSION = YES;
				CLANG_WARN_INFINITE_RECURSION = YES;
				CLANG_WARN_INT_CONVERSION = YES;
				CLANG_WARN_NON_LITERAL_NULL_CONVERSION = YES;
				CLANG_WARN_OBJC_IMPLICIT_RETAIN_SELF = YES;
				CLANG_WARN_OBJC_LITERAL_CONVERSION = YES;
				CLANG_WARN_OBJC_ROOT_CLASS = YES_ERROR;
				CLANG_WARN_QUOTED_INCLUDE_IN_FRAMEWORK_HEADER = YES;
				CLANG_WARN_RANGE_LOOP_ANALYSIS = YES;
				CLANG_WARN_STRICT_PROTOTYPES = YES;
				CLANG_WARN_SUSPICIOUS_MOVE = YES;
				CLANG_WARN_UNGUARDED_AVAILABILITY = YES_AGGRESSIVE;
				CLANG_WARN_UNREACHABLE_CODE = YES;
				CLANG_WARN__DUPLICATE_METHOD_MATCH = YES;
				COPY_PHASE_STRIP = NO;
				DEBUG_INFORMATION_FORMAT = "dwarf-with-dsym";
				ENABLE_NS_ASSERTIONS = NO;
				ENABLE_STRICT_OBJC_MSGSEND = YES;
				ENABLE_USER_SCRIPT_SANDBOXING = NO;
				GCC_C_LANGUAGE_STANDARD = gnu17;
				GCC_NO_COMMON_BLOCKS = YES;
				GCC_WARN_64_TO_32_BIT_CONVERSION = YES;
				GCC_WARN_ABOUT_RETURN_TYPE = YES_ERROR;
				GCC_WARN_UNDECLARED_SELECTOR = YES;
				GCC_WARN_UNINITIALIZED_AUTOS = YES_AGGRESSIVE;
				GCC_WARN_UNUSED_FUNCTION = YES;
				GCC_WARN_UNUSED_VARIABLE = YES;
				IPHONEOS_DEPLOYMENT_TARGET = 15.0;
				LOCALIZATION_PREFERS_STRING_CATALOGS = YES;
				MTL_ENABLE_DEBUG_INFO = NO;
				MTL_FAST_MATH = YES;
				SDKROOT = iphoneos;
				SWIFT_COMPILATION_MODE = wholemodule;
				VALIDATE_PRODUCT = YES;
			};
			name = Release;
		};
		29B2CE942B9BEB3E00C8C21C /* Debug */ = {
			isa = XCBuildConfiguration;
			buildSettings = {
				ASSETCATALOG_COMPILER_APPICON_NAME = AppIcon;
				ASSETCATALOG_COMPILER_GLOBAL_ACCENT_COLOR_NAME = AccentColor;
				CODE_SIGN_STYLE = Automatic;
				CURRENT_PROJECT_VERSION = 1;
				DEVELOPMENT_ASSET_PATHS = "\"CryptoApp/Preview Content\"";
				DEVELOPMENT_TEAM = 89T7S3AF6B;
				ENABLE_PREVIEWS = YES;
				GENERATE_INFOPLIST_FILE = YES;
				INFOPLIST_KEY_CFBundleDisplayName = "Crypto Tracker";
				INFOPLIST_KEY_UIApplicationSceneManifest_Generation = YES;
				INFOPLIST_KEY_UIApplicationSupportsIndirectInputEvents = YES;
				INFOPLIST_KEY_UILaunchScreen_Generation = YES;
				INFOPLIST_KEY_UISupportedInterfaceOrientations = UIInterfaceOrientationPortrait;
				INFOPLIST_KEY_UISupportedInterfaceOrientations_iPad = "UIInterfaceOrientationLandscapeLeft UIInterfaceOrientationLandscapeRight UIInterfaceOrientationPortrait UIInterfaceOrientationPortraitUpsideDown";
				IPHONEOS_DEPLOYMENT_TARGET = 15.0;
				LD_RUNPATH_SEARCH_PATHS = (
					"$(inherited)",
					"@executable_path/Frameworks",
				);
				MARKETING_VERSION = 1.0;
				PRODUCT_BUNDLE_IDENTIFIER = com.nowjordanhappy.CryptoApp;
				PRODUCT_NAME = "$(TARGET_NAME)";
				SUPPORTED_PLATFORMS = "iphoneos iphonesimulator";
				SUPPORTS_MACCATALYST = NO;
				SUPPORTS_MAC_DESIGNED_FOR_IPHONE_IPAD = NO;
				SUPPORTS_XR_DESIGNED_FOR_IPHONE_IPAD = NO;
				SWIFT_EMIT_LOC_STRINGS = YES;
				SWIFT_VERSION = 5.0;
				TARGETED_DEVICE_FAMILY = "1,2";
			};
			name = Debug;
		};
		29B2CE952B9BEB3E00C8C21C /* Release */ = {
			isa = XCBuildConfiguration;
			buildSettings = {
				ASSETCATALOG_COMPILER_APPICON_NAME = AppIcon;
				ASSETCATALOG_COMPILER_GLOBAL_ACCENT_COLOR_NAME = AccentColor;
				CODE_SIGN_STYLE = Automatic;
				CURRENT_PROJECT_VERSION = 1;
				DEVELOPMENT_ASSET_PATHS = "\"CryptoApp/Preview Content\"";
				DEVELOPMENT_TEAM = 89T7S3AF6B;
				ENABLE_PREVIEWS = YES;
				GENERATE_INFOPLIST_FILE = YES;
				INFOPLIST_KEY_CFBundleDisplayName = "Crypto Tracker";
				INFOPLIST_KEY_UIApplicationSceneManifest_Generation = YES;
				INFOPLIST_KEY_UIApplicationSupportsIndirectInputEvents = YES;
				INFOPLIST_KEY_UILaunchScreen_Generation = YES;
				INFOPLIST_KEY_UISupportedInterfaceOrientations = UIInterfaceOrientationPortrait;
				INFOPLIST_KEY_UISupportedInterfaceOrientations_iPad = "UIInterfaceOrientationLandscapeLeft UIInterfaceOrientationLandscapeRight UIInterfaceOrientationPortrait UIInterfaceOrientationPortraitUpsideDown";
				IPHONEOS_DEPLOYMENT_TARGET = 15.0;
				LD_RUNPATH_SEARCH_PATHS = (
					"$(inherited)",
					"@executable_path/Frameworks",
				);
				MARKETING_VERSION = 1.0;
				PRODUCT_BUNDLE_IDENTIFIER = com.nowjordanhappy.CryptoApp;
				PRODUCT_NAME = "$(TARGET_NAME)";
				SUPPORTED_PLATFORMS = "iphoneos iphonesimulator";
				SUPPORTS_MACCATALYST = NO;
				SUPPORTS_MAC_DESIGNED_FOR_IPHONE_IPAD = NO;
				SUPPORTS_XR_DESIGNED_FOR_IPHONE_IPAD = NO;
				SWIFT_EMIT_LOC_STRINGS = YES;
				SWIFT_VERSION = 5.0;
				TARGETED_DEVICE_FAMILY = "1,2";
			};
			name = Release;
		};
		29B2CE972B9BEB3E00C8C21C /* Debug */ = {
			isa = XCBuildConfiguration;
			buildSettings = {
				ALWAYS_EMBED_SWIFT_STANDARD_LIBRARIES = YES;
				BUNDLE_LOADER = "$(TEST_HOST)";
				CODE_SIGN_STYLE = Automatic;
				CURRENT_PROJECT_VERSION = 1;
				DEVELOPMENT_TEAM = 89T7S3AF6B;
				GENERATE_INFOPLIST_FILE = YES;
				IPHONEOS_DEPLOYMENT_TARGET = 17.4;
				MARKETING_VERSION = 1.0;
				PRODUCT_BUNDLE_IDENTIFIER = com.nowjordanhappy.CryptoAppTests;
				PRODUCT_NAME = "$(TARGET_NAME)";
				SWIFT_EMIT_LOC_STRINGS = NO;
				SWIFT_VERSION = 5.0;
				TARGETED_DEVICE_FAMILY = "1,2";
				TEST_HOST = "$(BUILT_PRODUCTS_DIR)/CryptoApp.app/$(BUNDLE_EXECUTABLE_FOLDER_PATH)/CryptoApp";
			};
			name = Debug;
		};
		29B2CE982B9BEB3E00C8C21C /* Release */ = {
			isa = XCBuildConfiguration;
			buildSettings = {
				ALWAYS_EMBED_SWIFT_STANDARD_LIBRARIES = YES;
				BUNDLE_LOADER = "$(TEST_HOST)";
				CODE_SIGN_STYLE = Automatic;
				CURRENT_PROJECT_VERSION = 1;
				DEVELOPMENT_TEAM = 89T7S3AF6B;
				GENERATE_INFOPLIST_FILE = YES;
				IPHONEOS_DEPLOYMENT_TARGET = 17.4;
				MARKETING_VERSION = 1.0;
				PRODUCT_BUNDLE_IDENTIFIER = com.nowjordanhappy.CryptoAppTests;
				PRODUCT_NAME = "$(TARGET_NAME)";
				SWIFT_EMIT_LOC_STRINGS = NO;
				SWIFT_VERSION = 5.0;
				TARGETED_DEVICE_FAMILY = "1,2";
				TEST_HOST = "$(BUILT_PRODUCTS_DIR)/CryptoApp.app/$(BUNDLE_EXECUTABLE_FOLDER_PATH)/CryptoApp";
			};
			name = Release;
		};
		29B2CE9A2B9BEB3E00C8C21C /* Debug */ = {
			isa = XCBuildConfiguration;
			buildSettings = {
				ALWAYS_EMBED_SWIFT_STANDARD_LIBRARIES = YES;
				CODE_SIGN_STYLE = Automatic;
				CURRENT_PROJECT_VERSION = 1;
				DEVELOPMENT_TEAM = 89T7S3AF6B;
				GENERATE_INFOPLIST_FILE = YES;
				MARKETING_VERSION = 1.0;
				PRODUCT_BUNDLE_IDENTIFIER = com.nowjordanhappy.CryptoAppUITests;
				PRODUCT_NAME = "$(TARGET_NAME)";
				SWIFT_EMIT_LOC_STRINGS = NO;
				SWIFT_VERSION = 5.0;
				TARGETED_DEVICE_FAMILY = "1,2";
				TEST_TARGET_NAME = CryptoApp;
			};
			name = Debug;
		};
		29B2CE9B2B9BEB3E00C8C21C /* Release */ = {
			isa = XCBuildConfiguration;
			buildSettings = {
				ALWAYS_EMBED_SWIFT_STANDARD_LIBRARIES = YES;
				CODE_SIGN_STYLE = Automatic;
				CURRENT_PROJECT_VERSION = 1;
				DEVELOPMENT_TEAM = 89T7S3AF6B;
				GENERATE_INFOPLIST_FILE = YES;
				MARKETING_VERSION = 1.0;
				PRODUCT_BUNDLE_IDENTIFIER = com.nowjordanhappy.CryptoAppUITests;
				PRODUCT_NAME = "$(TARGET_NAME)";
				SWIFT_EMIT_LOC_STRINGS = NO;
				SWIFT_VERSION = 5.0;
				TARGETED_DEVICE_FAMILY = "1,2";
				TEST_TARGET_NAME = CryptoApp;
			};
			name = Release;
		};
/* End XCBuildConfiguration section */

/* Begin XCConfigurationList section */
		29B2CE6A2B9BEB3C00C8C21C /* Build configuration list for PBXProject "CryptoApp" */ = {
			isa = XCConfigurationList;
			buildConfigurations = (
				29B2CE912B9BEB3E00C8C21C /* Debug */,
				29B2CE922B9BEB3E00C8C21C /* Release */,
			);
			defaultConfigurationIsVisible = 0;
			defaultConfigurationName = Release;
		};
		29B2CE932B9BEB3E00C8C21C /* Build configuration list for PBXNativeTarget "CryptoApp" */ = {
			isa = XCConfigurationList;
			buildConfigurations = (
				29B2CE942B9BEB3E00C8C21C /* Debug */,
				29B2CE952B9BEB3E00C8C21C /* Release */,
			);
			defaultConfigurationIsVisible = 0;
			defaultConfigurationName = Release;
		};
		29B2CE962B9BEB3E00C8C21C /* Build configuration list for PBXNativeTarget "CryptoAppTests" */ = {
			isa = XCConfigurationList;
			buildConfigurations = (
				29B2CE972B9BEB3E00C8C21C /* Debug */,
				29B2CE982B9BEB3E00C8C21C /* Release */,
			);
			defaultConfigurationIsVisible = 0;
			defaultConfigurationName = Release;
		};
		29B2CE992B9BEB3E00C8C21C /* Build configuration list for PBXNativeTarget "CryptoAppUITests" */ = {
			isa = XCConfigurationList;
			buildConfigurations = (
				29B2CE9A2B9BEB3E00C8C21C /* Debug */,
				29B2CE9B2B9BEB3E00C8C21C /* Release */,
			);
			defaultConfigurationIsVisible = 0;
			defaultConfigurationName = Release;
		};
/* End XCConfigurationList section */

/* Begin XCVersionGroup section */
		299A2E912BE70B570010FC68 /* PortfolioContainer.xcdatamodeld */ = {
			isa = XCVersionGroup;
			children = (
				299A2E922BE70B570010FC68 /* PortfolioContainer.xcdatamodel */,
			);
			currentVersion = 299A2E922BE70B570010FC68 /* PortfolioContainer.xcdatamodel */;
			name = PortfolioContainer.xcdatamodeld;
			path = /Volumes/DATOS/Projects/ios_projects/CryptoApp/CryptoApp/Models/PortfolioContainer.xcdatamodeld;
			sourceTree = "<group>";
			versionGroupType = wrapper.xcdatamodel;
		};
/* End XCVersionGroup section */
	};
	rootObject = 29B2CE672B9BEB3C00C8C21C /* Project object */;
}
